
Microsoft Visual Studio Solution File, Format Version 12.00
# Visual Studio Version 17
VisualStudioVersion = 17.10.34928.147
MinimumVisualStudioVersion = 10.0.40219.1
Project("{FAE04EC0-301F-11D3-BF4B-00C04F79EFBC}") = "todolist-wpf", "todolist-wpf\todolist-wpf.csproj", "{D850D830-1231-401A-8206-42386C6E5489}"
EndProject
Global
	GlobalSection(SolutionConfigurationPlatforms) = preSolution
		Debug|Any CPU = Debug|Any CPU
		Release|Any CPU = Release|Any CPU
	EndGlobalSection
	GlobalSection(ProjectConfigurationPlatforms) = postSolution
		{D850D830-1231-401A-8206-42386C6E5489}.Debug|Any CPU.ActiveCfg = Debug|Any CPU
		{D850D830-1231-401A-8206-42386C6E5489}.Debug|Any CPU.Build.0 = Debug|Any CPU
		{D850D830-1231-401A-8206-42386C6E5489}.Release|Any CPU.ActiveCfg = Release|Any CPU
		{D850D830-1231-401A-8206-42386C6E5489}.Release|Any CPU.Build.0 = Release|Any CPU
	EndGlobalSection
	GlobalSection(SolutionProperties) = preSolution
		HideSolutionNode = FALSE
	EndGlobalSection
	GlobalSection(ExtensibilityGlobals) = postSolution
		SolutionGuid = {8BA3A5B5-AD33-40EE-8DA4-0D98B504669F}
	EndGlobalSection
EndGlobal
